
Microsoft Visual Studio Solution File, Format Version 12.00
# Visual Studio for Mac
Project("{FAE04EC0-301F-11D3-BF4B-00C04F79EFBC}") = "SDKTest", "SDKTest.csproj", "{D6155BDB-38C6-F581-AF62-56BF9E2E3024}"
EndProject
Global
	GlobalSection(SolutionConfigurationPlatforms) = preSolution
		Debug|Any CPU = Debug|Any CPU
		Release|Any CPU = Release|Any CPU
	EndGlobalSection
	GlobalSection(ProjectConfigurationPlatforms) = postSolution
		{D6155BDB-38C6-F581-AF62-56BF9E2E3024}.Debug|Any CPU.ActiveCfg = Debug|Any CPU
		{D6155BDB-38C6-F581-AF62-56BF9E2E3024}.Debug|Any CPU.Build.0 = Debug|Any CPU
		{D6155BDB-38C6-F581-AF62-56BF9E2E3024}.Release|Any CPU.ActiveCfg = Release|Any CPU
		{D6155BDB-38C6-F581-AF62-56BF9E2E3024}.Release|Any CPU.Build.0 = Release|Any CPU
	EndGlobalSection
	GlobalSection(SolutionProperties) = preSolution
		HideSolutionNode = FALSE
	EndGlobalSection
EndGlobal
